{
  "name": "omni-agent",
  "version": "3.5.7",
  "lockfileVersion": 3,
  "requires": true,
  "packages": {
    "": {
      "name": "omni-agent",
      "version": "3.5.7",
      "license": "MIT",
      "bin": {
        "omni": "bin/omni.mjs"
      },
      "engines": {
        "node": ">=20.0.0"
      }
    }
  }
}
